
Microsoft Visual Studio Solution File, Format Version 12.00
# Visual Studio Version 17
VisualStudioVersion = 17.14.36623.8 d17.14
MinimumVisualStudioVersion = 10.0.40219.1
Project("{FAE04EC0-301F-11D3-BF4B-00C04F79EFBC}") = "JnvKmmAlumniApi", "JnvKmmAlumniApi\JnvKmmAlumniApi.csproj", "{D124419D-43A1-45F9-9C6F-0105A828A167}"
EndProject
Global
	GlobalSection(SolutionConfigurationPlatforms) = preSolution
		Debug|Any CPU = Debug|Any CPU
		Release|Any CPU = Release|Any CPU
	EndGlobalSection
	GlobalSection(ProjectConfigurationPlatforms) = postSolution
		{D124419D-43A1-45F9-9C6F-0105A828A167}.Debug|Any CPU.ActiveCfg = Debug|Any CPU
		{D124419D-43A1-45F9-9C6F-0105A828A167}.Debug|Any CPU.Build.0 = Debug|Any CPU
		{D124419D-43A1-45F9-9C6F-0105A828A167}.Release|Any CPU.ActiveCfg = Release|Any CPU
		{D124419D-43A1-45F9-9C6F-0105A828A167}.Release|Any CPU.Build.0 = Release|Any CPU
	EndGlobalSection
	GlobalSection(SolutionProperties) = preSolution
		HideSolutionNode = FALSE
	EndGlobalSection
	GlobalSection(ExtensibilityGlobals) = postSolution
		SolutionGuid = {0B6ABCFB-0A05-45F7-B2B8-6797F0C737DD}
	EndGlobalSection
EndGlobal
